
Microsoft Visual Studio Solution File, Format Version 12.00
# Visual Studio Version 17
VisualStudioVersion = 17.9.34902.65
MinimumVisualStudioVersion = 10.0.40219.1
Project("{2150E333-8FDC-42A3-9474-1A3956D46DE8}") = "src", "src", "{0C599192-00EC-4FBA-95AC-28B4C0E50A1A}"
EndProject
Project("{FAE04EC0-301F-11D3-BF4B-00C04F79EFBC}") = "NxT.Core", "src\NxT.Core\NxT.Core.csproj", "{7D685A99-B4C3-450F-9C6B-003D378E7B5E}"
EndProject
Project("{FAE04EC0-301F-11D3-BF4B-00C04F79EFBC}") = "NxT.Infrastructure", "src\NxT.Infrastructure\NxT.Infrastructure.csproj", "{5974972F-1815-4713-B4EC-71E2A1940CE6}"
EndProject
Project("{FAE04EC0-301F-11D3-BF4B-00C04F79EFBC}") = "NxT.Mvc", "src\NxT.Mvc\NxT.Mvc.csproj", "{C56F0719-B06B-4860-9FC8-B18ABA559A80}"
EndProject
Project("{2150E333-8FDC-42A3-9474-1A3956D46DE8}") = "Shared", "Shared", "{8ADF2F6E-EDE6-4098-9594-E8C9538D7DC0}"
EndProject
Project("{FAE04EC0-301F-11D3-BF4B-00C04F79EFBC}") = "NxT.Exception", "src\Shared\NxT.Exception\NxT.Exception.csproj", "{04913AB5-714F-4E02-99C1-C9738C49F09C}"
EndProject
Project("{2150E333-8FDC-42A3-9474-1A3956D46DE8}") = "tests", "tests", "{D42C1334-71B4-460A-B412-7037B143EE31}"
EndProject
Project("{FAE04EC0-301F-11D3-BF4B-00C04F79EFBC}") = "NxT.Test", "tests\NxT.Test\NxT.Test.csproj", "{D003333E-9115-44A0-BFD7-49E714916A04}"
EndProject
Global
	GlobalSection(SolutionProperties) = preSolution
		HideSolutionNode = FALSE
	EndGlobalSection
	GlobalSection(ExtensibilityGlobals) = postSolution
		SolutionGuid = {9D3B32E4-9A16-4E37-8BFD-92D5759CD9DB}
	EndGlobalSection
	GlobalSection(SolutionConfigurationPlatforms) = preSolution
		Debug|Any CPU = Debug|Any CPU
		Debug|x64 = Debug|x64
		Debug|x86 = Debug|x86
		Release|Any CPU = Release|Any CPU
		Release|x64 = Release|x64
		Release|x86 = Release|x86
	EndGlobalSection
	GlobalSection(ProjectConfigurationPlatforms) = postSolution
		{7D685A99-B4C3-450F-9C6B-003D378E7B5E}.Debug|Any CPU.ActiveCfg = Debug|Any CPU
		{7D685A99-B4C3-450F-9C6B-003D378E7B5E}.Debug|Any CPU.Build.0 = Debug|Any CPU
		{7D685A99-B4C3-450F-9C6B-003D378E7B5E}.Debug|x64.ActiveCfg = Debug|Any CPU
		{7D685A99-B4C3-450F-9C6B-003D378E7B5E}.Debug|x64.Build.0 = Debug|Any CPU
		{7D685A99-B4C3-450F-9C6B-003D378E7B5E}.Debug|x86.ActiveCfg = Debug|Any CPU
		{7D685A99-B4C3-450F-9C6B-003D378E7B5E}.Debug|x86.Build.0 = Debug|Any CPU
		{7D685A99-B4C3-450F-9C6B-003D378E7B5E}.Release|Any CPU.ActiveCfg = Release|Any CPU
		{7D685A99-B4C3-450F-9C6B-003D378E7B5E}.Release|Any CPU.Build.0 = Release|Any CPU
		{7D685A99-B4C3-450F-9C6B-003D378E7B5E}.Release|x64.ActiveCfg = Release|Any CPU
		{7D685A99-B4C3-450F-9C6B-003D378E7B5E}.Release|x64.Build.0 = Release|Any CPU
		{7D685A99-B4C3-450F-9C6B-003D378E7B5E}.Release|x86.ActiveCfg = Release|Any CPU
		{7D685A99-B4C3-450F-9C6B-003D378E7B5E}.Release|x86.Build.0 = Release|Any CPU
		{5974972F-1815-4713-B4EC-71E2A1940CE6}.Debug|Any CPU.ActiveCfg = Debug|Any CPU
		{5974972F-1815-4713-B4EC-71E2A1940CE6}.Debug|Any CPU.Build.0 = Debug|Any CPU
		{5974972F-1815-4713-B4EC-71E2A1940CE6}.Debug|x64.ActiveCfg = Debug|Any CPU
		{5974972F-1815-4713-B4EC-71E2A1940CE6}.Debug|x64.Build.0 = Debug|Any CPU
		{5974972F-1815-4713-B4EC-71E2A1940CE6}.Debug|x86.ActiveCfg = Debug|Any CPU
		{5974972F-1815-4713-B4EC-71E2A1940CE6}.Debug|x86.Build.0 = Debug|Any CPU
		{5974972F-1815-4713-B4EC-71E2A1940CE6}.Release|Any CPU.ActiveCfg = Release|Any CPU
		{5974972F-1815-4713-B4EC-71E2A1940CE6}.Release|Any CPU.Build.0 = Release|Any CPU
		{5974972F-1815-4713-B4EC-71E2A1940CE6}.Release|x64.ActiveCfg = Release|Any CPU
		{5974972F-1815-4713-B4EC-71E2A1940CE6}.Release|x64.Build.0 = Release|Any CPU
		{5974972F-1815-4713-B4EC-71E2A1940CE6}.Release|x86.ActiveCfg = Release|Any CPU
		{5974972F-1815-4713-B4EC-71E2A1940CE6}.Release|x86.Build.0 = Release|Any CPU
		{C56F0719-B06B-4860-9FC8-B18ABA559A80}.Debug|Any CPU.ActiveCfg = Debug|Any CPU
		{C56F0719-B06B-4860-9FC8-B18ABA559A80}.Debug|Any CPU.Build.0 = Debug|Any CPU
		{C56F0719-B06B-4860-9FC8-B18ABA559A80}.Debug|x64.ActiveCfg = Debug|Any CPU
		{C56F0719-B06B-4860-9FC8-B18ABA559A80}.Debug|x64.Build.0 = Debug|Any CPU
		{C56F0719-B06B-4860-9FC8-B18ABA559A80}.Debug|x86.ActiveCfg = Debug|Any CPU
		{C56F0719-B06B-4860-9FC8-B18ABA559A80}.Debug|x86.Build.0 = Debug|Any CPU
		{C56F0719-B06B-4860-9FC8-B18ABA559A80}.Release|Any CPU.ActiveCfg = Release|Any CPU
		{C56F0719-B06B-4860-9FC8-B18ABA559A80}.Release|Any CPU.Build.0 = Release|Any CPU
		{C56F0719-B06B-4860-9FC8-B18ABA559A80}.Release|x64.ActiveCfg = Release|Any CPU
		{C56F0719-B06B-4860-9FC8-B18ABA559A80}.Release|x64.Build.0 = Release|Any CPU
		{C56F0719-B06B-4860-9FC8-B18ABA559A80}.Release|x86.ActiveCfg = Release|Any CPU
		{C56F0719-B06B-4860-9FC8-B18ABA559A80}.Release|x86.Build.0 = Release|Any CPU
		{04913AB5-714F-4E02-99C1-C9738C49F09C}.Debug|Any CPU.ActiveCfg = Debug|Any CPU
		{04913AB5-714F-4E02-99C1-C9738C49F09C}.Debug|Any CPU.Build.0 = Debug|Any CPU
		{04913AB5-714F-4E02-99C1-C9738C49F09C}.Debug|x64.ActiveCfg = Debug|Any CPU
		{04913AB5-714F-4E02-99C1-C9738C49F09C}.Debug|x64.Build.0 = Debug|Any CPU
		{04913AB5-714F-4E02-99C1-C9738C49F09C}.Debug|x86.ActiveCfg = Debug|Any CPU
		{04913AB5-714F-4E02-99C1-C9738C49F09C}.Debug|x86.Build.0 = Debug|Any CPU
		{04913AB5-714F-4E02-99C1-C9738C49F09C}.Release|Any CPU.ActiveCfg = Release|Any CPU
		{04913AB5-714F-4E02-99C1-C9738C49F09C}.Release|Any CPU.Build.0 = Release|Any CPU
		{04913AB5-714F-4E02-99C1-C9738C49F09C}.Release|x64.ActiveCfg = Release|Any CPU
		{04913AB5-714F-4E02-99C1-C9738C49F09C}.Release|x64.Build.0 = Release|Any CPU
		{04913AB5-714F-4E02-99C1-C9738C49F09C}.Release|x86.ActiveCfg = Release|Any CPU
		{04913AB5-714F-4E02-99C1-C9738C49F09C}.Release|x86.Build.0 = Release|Any CPU
		{D003333E-9115-44A0-BFD7-49E714916A04}.Debug|Any CPU.ActiveCfg = Debug|Any CPU
		{D003333E-9115-44A0-BFD7-49E714916A04}.Debug|Any CPU.Build.0 = Debug|Any CPU
		{D003333E-9115-44A0-BFD7-49E714916A04}.Debug|x64.ActiveCfg = Debug|Any CPU
		{D003333E-9115-44A0-BFD7-49E714916A04}.Debug|x64.Build.0 = Debug|Any CPU
		{D003333E-9115-44A0-BFD7-49E714916A04}.Debug|x86.ActiveCfg = Debug|Any CPU
		{D003333E-9115-44A0-BFD7-49E714916A04}.Debug|x86.Build.0 = Debug|Any CPU
		{D003333E-9115-44A0-BFD7-49E714916A04}.Release|Any CPU.ActiveCfg = Release|Any CPU
		{D003333E-9115-44A0-BFD7-49E714916A04}.Release|Any CPU.Build.0 = Release|Any CPU
		{D003333E-9115-44A0-BFD7-49E714916A04}.Release|x64.ActiveCfg = Release|Any CPU
		{D003333E-9115-44A0-BFD7-49E714916A04}.Release|x64.Build.0 = Release|Any CPU
		{D003333E-9115-44A0-BFD7-49E714916A04}.Release|x86.ActiveCfg = Release|Any CPU
		{D003333E-9115-44A0-BFD7-49E714916A04}.Release|x86.Build.0 = Release|Any CPU
	EndGlobalSection
	GlobalSection(NestedProjects) = preSolution
		{7D685A99-B4C3-450F-9C6B-003D378E7B5E} = {0C599192-00EC-4FBA-95AC-28B4C0E50A1A}
		{5974972F-1815-4713-B4EC-71E2A1940CE6} = {0C599192-00EC-4FBA-95AC-28B4C0E50A1A}
		{C56F0719-B06B-4860-9FC8-B18ABA559A80} = {0C599192-00EC-4FBA-95AC-28B4C0E50A1A}
		{8ADF2F6E-EDE6-4098-9594-E8C9538D7DC0} = {0C599192-00EC-4FBA-95AC-28B4C0E50A1A}
		{04913AB5-714F-4E02-99C1-C9738C49F09C} = {8ADF2F6E-EDE6-4098-9594-E8C9538D7DC0}
		{D003333E-9115-44A0-BFD7-49E714916A04} = {D42C1334-71B4-460A-B412-7037B143EE31}
	EndGlobalSection
EndGlobal
